PODS:
  - lottie-ios (3.1.6)
  - MCToast (0.1.1):
    - lottie-ios

DEPENDENCIES:
  - MCToast (from `../`)

SPEC REPOS:
  https://github.com/CocoaPods/Specs.git:
    - lottie-ios

EXTERNAL SOURCES:
  MCToast:
    :path: "../"

SPEC CHECKSUMS:
  lottie-ios: 85ce835dd8c53e02509f20729fc7d6a4e6645a0a
  MCToast: 45fcf2a547bf409df8992399271bd6d7670331d5

PODFILE CHECKSUM: b62d644f03e9fa35dc602d717ce08189bb56406f

COCOAPODS: 1.9.1
